
Microsoft Visual Studio Solution File, Format Version 12.00
# Visual Studio 14
VisualStudioVersion = 14.0.25420.1
MinimumVisualStudioVersion = 10.0.40219.1
Project("{FAE04EC0-301F-11D3-BF4B-00C04F79EFBC}") = "WeMakeGameNow", "WeMakeGameNow\WeMakeGameNow.csproj", "{ADFAABD8-B9B4-4769-B6E9-DA79ABAAC9B8}"
EndProject
Project("{2150E333-8FDC-42A3-9474-1A3956D46DE8}") = "Solution Items", "Solution Items", "{B5A5B319-CCDA-4BE6-ABBD-A04C96FC9A8B}"
	ProjectSection(SolutionItems) = preProject
		Class1.cs = Class1.cs
	EndProjectSection
EndProject
Project("{FAE04EC0-301F-11D3-BF4B-00C04F79EFBC}") = "Characterinfo", "Characterinfo\Characterinfo.csproj", "{CF1FE2CA-BF73-401B-8D50-3C31267DF1B3}"
EndProject
Global
	GlobalSection(SolutionConfigurationPlatforms) = preSolution
		Debug|Any CPU = Debug|Any CPU
		Release|Any CPU = Release|Any CPU
	EndGlobalSection
	GlobalSection(ProjectConfigurationPlatforms) = postSolution
		{ADFAABD8-B9B4-4769-B6E9-DA79ABAAC9B8}.Debug|Any CPU.ActiveCfg = Debug|Any CPU
		{ADFAABD8-B9B4-4769-B6E9-DA79ABAAC9B8}.Debug|Any CPU.Build.0 = Debug|Any CPU
		{ADFAABD8-B9B4-4769-B6E9-DA79ABAAC9B8}.Release|Any CPU.ActiveCfg = Release|Any CPU
		{ADFAABD8-B9B4-4769-B6E9-DA79ABAAC9B8}.Release|Any CPU.Build.0 = Release|Any CPU
		{CF1FE2CA-BF73-401B-8D50-3C31267DF1B3}.Debug|Any CPU.ActiveCfg = Debug|Any CPU
		{CF1FE2CA-BF73-401B-8D50-3C31267DF1B3}.Debug|Any CPU.Build.0 = Debug|Any CPU
		{CF1FE2CA-BF73-401B-8D50-3C31267DF1B3}.Release|Any CPU.ActiveCfg = Release|Any CPU
		{CF1FE2CA-BF73-401B-8D50-3C31267DF1B3}.Release|Any CPU.Build.0 = Release|Any CPU
	EndGlobalSection
	GlobalSection(SolutionProperties) = preSolution
		HideSolutionNode = FALSE
	EndGlobalSection
EndGlobal
